
Microsoft Visual Studio Solution File, Format Version 12.00
# Visual Studio Version 17
VisualStudioVersion = 17.7.34202.233
MinimumVisualStudioVersion = 10.0.40219.1
Project("{8BC9CEB8-8B4A-11D0-8D11-00A0C91BC942}") = "4zadanie", "4zadanie\4zadanie.vcxproj", "{7AAFE9C1-76EC-4F5A-B1D7-3D9E1BF3ABF2}"
EndProject
Global
	GlobalSection(SolutionConfigurationPlatforms) = preSolution
		Debug|x64 = Debug|x64
		Debug|x86 = Debug|x86
		Release|x64 = Release|x64
		Release|x86 = Release|x86
	EndGlobalSection
	GlobalSection(ProjectConfigurationPlatforms) = postSolution
		{7AAFE9C1-76EC-4F5A-B1D7-3D9E1BF3ABF2}.Debug|x64.ActiveCfg = Debug|x64
		{7AAFE9C1-76EC-4F5A-B1D7-3D9E1BF3ABF2}.Debug|x64.Build.0 = Debug|x64
		{7AAFE9C1-76EC-4F5A-B1D7-3D9E1BF3ABF2}.Debug|x86.ActiveCfg = Debug|Win32
		{7AAFE9C1-76EC-4F5A-B1D7-3D9E1BF3ABF2}.Debug|x86.Build.0 = Debug|Win32
		{7AAFE9C1-76EC-4F5A-B1D7-3D9E1BF3ABF2}.Release|x64.ActiveCfg = Release|x64
		{7AAFE9C1-76EC-4F5A-B1D7-3D9E1BF3ABF2}.Release|x64.Build.0 = Release|x64
		{7AAFE9C1-76EC-4F5A-B1D7-3D9E1BF3ABF2}.Release|x86.ActiveCfg = Release|Win32
		{7AAFE9C1-76EC-4F5A-B1D7-3D9E1BF3ABF2}.Release|x86.Build.0 = Release|Win32
	EndGlobalSection
	GlobalSection(SolutionProperties) = preSolution
		HideSolutionNode = FALSE
	EndGlobalSection
	GlobalSection(ExtensibilityGlobals) = postSolution
		SolutionGuid = {5E2E739F-98CB-424F-921A-DA87CBEBB69C}
	EndGlobalSection
EndGlobal
